
Microsoft Visual Studio Solution File, Format Version 12.00
# Visual Studio Version 17
VisualStudioVersion = 17.9.34902.65
MinimumVisualStudioVersion = 10.0.40219.1
Project("{FAE04EC0-301F-11D3-BF4B-00C04F79EFBC}") = "cafe_management", "cafe_management.csproj", "{398E2ECF-1D4A-4FB4-9C46-E90914E4230D}"
EndProject
Global
	GlobalSection(SolutionConfigurationPlatforms) = preSolution
		Debug|Any CPU = Debug|Any CPU
		Release|Any CPU = Release|Any CPU
	EndGlobalSection
	GlobalSection(ProjectConfigurationPlatforms) = postSolution
		{398E2ECF-1D4A-4FB4-9C46-E90914E4230D}.Debug|Any CPU.ActiveCfg = Debug|Any CPU
		{398E2ECF-1D4A-4FB4-9C46-E90914E4230D}.Debug|Any CPU.Build.0 = Debug|Any CPU
		{398E2ECF-1D4A-4FB4-9C46-E90914E4230D}.Release|Any CPU.ActiveCfg = Release|Any CPU
		{398E2ECF-1D4A-4FB4-9C46-E90914E4230D}.Release|Any CPU.Build.0 = Release|Any CPU
	EndGlobalSection
	GlobalSection(SolutionProperties) = preSolution
		HideSolutionNode = FALSE
	EndGlobalSection
	GlobalSection(ExtensibilityGlobals) = postSolution
		SolutionGuid = {05C0F16B-892B-4DBF-8EA8-68F69D8FDC98}
	EndGlobalSection
EndGlobal
